// !$*UTF8*$!
{
	archiveVersion = 1;
	classes = {
	};
	objectVersion = 77;
	objects = {

/* Begin PBXBuildFile section */
		BC90702B2E40278E004B0623 /* MoneyAppGenerated in Frameworks */ = {isa = PBXBuildFile; productRef = BC90702A2E40278E004B0623 /* MoneyAppGenerated */; };
		BC90702E2E402959004B0623 /* MoneyAppGenerated in Frameworks */ = {isa = PBXBuildFile; productRef = BC90702D2E402959004B0623 /* MoneyAppGenerated */; };
		BC9070362E402996004B0623 /* ModelIndex.swift in Sources */ = {isa = PBXBuildFile; fileRef = BC9070342E402996004B0623 /* ModelIndex.swift */; };
		BC9070372E402996004B0623 /* APIService.swift in Sources */ = {isa = PBXBuildFile; fileRef = BC9070332E402996004B0623 /* APIService.swift */; };
		BC90703A2E402B34004B0623 /* MoneyAppGenerated in Frameworks */ = {isa = PBXBuildFile; productRef = BC9070392E402B34004B0623 /* MoneyAppGenerated */; };
		BC9A9CD22E3F2D6A00352F2B /* Assets.xcassets in Resources */ = {isa = PBXBuildFile; fileRef = BC9A9CCD2E3F2D6A00352F2B /* Assets.xcassets */; };
		BC9A9CD32E3F2D6A00352F2B /* ContentView.swift in Sources */ = {isa = PBXBuildFile; fileRef = BC9A9CCE2E3F2D6A00352F2B /* ContentView.swift */; };
		BC9A9CD42E3F2D6A00352F2B /* MoneyAppApp.swift in Sources */ = {isa = PBXBuildFile; fileRef = BC9A9CCF2E3F2D6A00352F2B /* MoneyAppApp.swift */; };
		BC9A9CEA2E40202400352F2B /* HomeView.swift in Sources */ = {isa = PBXBuildFile; fileRef = BC9A9CE12E40202400352F2B /* HomeView.swift */; };
		BC9A9CEC2E40202400352F2B /* HomeViewModel.swift in Sources */ = {isa = PBXBuildFile; fileRef = BC9A9CDF2E40202400352F2B /* HomeViewModel.swift */; };
		BC9A9CED2E40202400352F2B /* HomeService.swift in Sources */ = {isa = PBXBuildFile; fileRef = BC9A9CDD2E40202400352F2B /* HomeService.swift */; };
		BC9A9CEF2E40202400352F2B /* AppRouter.swift in Sources */ = {isa = PBXBuildFile; fileRef = BC9A9CD82E40202400352F2B /* AppRouter.swift */; };
		BC9A9CF02E40202400352F2B /* HomeModels.swift in Sources */ = {isa = PBXBuildFile; fileRef = BC9A9CDB2E40202400352F2B /* HomeModels.swift */; };
		BC9A9CF12E40202400352F2B /* PreviewAssets.xcassets in Resources */ = {isa = PBXBuildFile; fileRef = BC9A9CE82E40202400352F2B /* PreviewAssets.xcassets */; };
		BC9A9D122E40261800352F2B /* MoneyAppGenerated in Frameworks */ = {isa = PBXBuildFile; productRef = BC9A9D112E40261800352F2B /* MoneyAppGenerated */; };
/* End PBXBuildFile section */

/* Begin PBXFileReference section */
		BC9070332E402996004B0623 /* APIService.swift */ = {isa = PBXFileReference; lastKnownFileType = sourcecode.swift; path = APIService.swift; sourceTree = "<group>"; };
		BC9070342E402996004B0623 /* ModelIndex.swift */ = {isa = PBXFileReference; lastKnownFileType = sourcecode.swift; path = ModelIndex.swift; sourceTree = "<group>"; };
		BC9A9CBA2E3F2D3C00352F2B /* MoneyApp.app */ = {isa = PBXFileReference; explicitFileType = wrapper.application; includeInIndex = 0; path = MoneyApp.app; sourceTree = BUILT_PRODUCTS_DIR; };
		BC9A9CCD2E3F2D6A00352F2B /* Assets.xcassets */ = {isa = PBXFileReference; lastKnownFileType = folder.assetcatalog; path = Assets.xcassets; sourceTree = "<group>"; };
		BC9A9CCE2E3F2D6A00352F2B /* ContentView.swift */ = {isa = PBXFileReference; lastKnownFileType = sourcecode.swift; path = ContentView.swift; sourceTree = "<group>"; };
		BC9A9CCF2E3F2D6A00352F2B /* MoneyAppApp.swift */ = {isa = PBXFileReference; lastKnownFileType = sourcecode.swift; path = MoneyAppApp.swift; sourceTree = "<group>"; };
		BC9A9CD82E40202400352F2B /* AppRouter.swift */ = {isa = PBXFileReference; lastKnownFileType = sourcecode.swift; path = AppRouter.swift; sourceTree = "<group>"; };
		BC9A9CDB2E40202400352F2B /* HomeModels.swift */ = {isa = PBXFileReference; lastKnownFileType = sourcecode.swift; path = HomeModels.swift; sourceTree = "<group>"; };
		BC9A9CDD2E40202400352F2B /* HomeService.swift */ = {isa = PBXFileReference; lastKnownFileType = sourcecode.swift; path = HomeService.swift; sourceTree = "<group>"; };
		BC9A9CDF2E40202400352F2B /* HomeViewModel.swift */ = {isa = PBXFileReference; lastKnownFileType = sourcecode.swift; path = HomeViewModel.swift; sourceTree = "<group>"; };
		BC9A9CE12E40202400352F2B /* HomeView.swift */ = {isa = PBXFileReference; lastKnownFileType = sourcecode.swift; path = HomeView.swift; sourceTree = "<group>"; };
		BC9A9CE82E40202400352F2B /* PreviewAssets.xcassets */ = {isa = PBXFileReference; lastKnownFileType = folder.assetcatalog; path = PreviewAssets.xcassets; sourceTree = "<group>"; };
/* End PBXFileReference section */

/* Begin PBXFrameworksBuildPhase section */
		BC9A9CB72E3F2D3C00352F2B /* Frameworks */ = {
			isa = PBXFrameworksBuildPhase;
			buildActionMask = 2147483647;
			files = (
				BC9A9D122E40261800352F2B /* MoneyAppGenerated in Frameworks */,
				BC90703A2E402B34004B0623 /* MoneyAppGenerated in Frameworks */,
				BC90702B2E40278E004B0623 /* MoneyAppGenerated in Frameworks */,
				BC90702E2E402959004B0623 /* MoneyAppGenerated in Frameworks */,
			);
			runOnlyForDeploymentPostprocessing = 0;
		};
/* End PBXFrameworksBuildPhase section */

/* Begin PBXGroup section */
		BC9070352E402996004B0623 /* Models */ = {
			isa = PBXGroup;
			children = (
				BC9070332E402996004B0623 /* APIService.swift */,
				BC9070342E402996004B0623 /* ModelIndex.swift */,
			);
			path = Models;
			sourceTree = "<group>";
		};
		BC9A9CB12E3F2D3C00352F2B = {
			isa = PBXGroup;
			children = (
				BC9A9CD02E3F2D6A00352F2B /* MoneyApp */,
				BC9A9CBB2E3F2D3C00352F2B /* Products */,
			);
			sourceTree = "<group>";
		};
		BC9A9CBB2E3F2D3C00352F2B /* Products */ = {
			isa = PBXGroup;
			children = (
				BC9A9CBA2E3F2D3C00352F2B /* MoneyApp.app */,
			);
			name = Products;
			sourceTree = "<group>";
		};
		BC9A9CD02E3F2D6A00352F2B /* MoneyApp */ = {
			isa = PBXGroup;
			children = (
				BC9070352E402996004B0623 /* Models */,
				BC9A9CDA2E40202400352F2B /* Core */,
				BC9A9CE42E40202400352F2B /* Features */,
				BC9A9CE92E40202400352F2B /* Preview Content */,
				BC9A9CCD2E3F2D6A00352F2B /* Assets.xcassets */,
				BC9A9CCE2E3F2D6A00352F2B /* ContentView.swift */,
				BC9A9CCF2E3F2D6A00352F2B /* MoneyAppApp.swift */,
			);
			path = MoneyApp;
			sourceTree = "<group>";
		};
		BC9A9CD92E40202400352F2B /* Navigation */ = {
			isa = PBXGroup;
			children = (
				BC9A9CD82E40202400352F2B /* AppRouter.swift */,
			);
			path = Navigation;
			sourceTree = "<group>";
		};
		BC9A9CDA2E40202400352F2B /* Core */ = {
			isa = PBXGroup;
			children = (
				BC9A9CD92E40202400352F2B /* Navigation */,
			);
			path = Core;
			sourceTree = "<group>";
		};
		BC9A9CDC2E40202400352F2B /* Models */ = {
			isa = PBXGroup;
			children = (
				BC9A9CDB2E40202400352F2B /* HomeModels.swift */,
			);
			path = Models;
			sourceTree = "<group>";
		};
		BC9A9CDE2E40202400352F2B /* Services */ = {
			isa = PBXGroup;
			children = (
				BC9A9CDD2E40202400352F2B /* HomeService.swift */,
			);
			path = Services;
			sourceTree = "<group>";
		};
		BC9A9CE02E40202400352F2B /* ViewModels */ = {
			isa = PBXGroup;
			children = (
				BC9A9CDF2E40202400352F2B /* HomeViewModel.swift */,
			);
			path = ViewModels;
			sourceTree = "<group>";
		};
		BC9A9CE22E40202400352F2B /* Views */ = {
			isa = PBXGroup;
			children = (
				BC9A9CE12E40202400352F2B /* HomeView.swift */,
			);
			path = Views;
			sourceTree = "<group>";
		};
		BC9A9CE32E40202400352F2B /* Home */ = {
			isa = PBXGroup;
			children = (
				BC9A9CDC2E40202400352F2B /* Models */,
				BC9A9CDE2E40202400352F2B /* Services */,
				BC9A9CE02E40202400352F2B /* ViewModels */,
				BC9A9CE22E40202400352F2B /* Views */,
			);
			path = Home;
			sourceTree = "<group>";
		};
		BC9A9CE42E40202400352F2B /* Features */ = {
			isa = PBXGroup;
			children = (
				BC9A9CE32E40202400352F2B /* Home */,
			);
			path = Features;
			sourceTree = "<group>";
		};
		BC9A9CE92E40202400352F2B /* Preview Content */ = {
			isa = PBXGroup;
			children = (
				BC9A9CE82E40202400352F2B /* PreviewAssets.xcassets */,
			);
			path = "Preview Content";
			sourceTree = "<group>";
		};
/* End PBXGroup section */

/* Begin PBXNativeTarget section */
		BC9A9CB92E3F2D3C00352F2B /* MoneyApp */ = {
			isa = PBXNativeTarget;
			buildConfigurationList = BC9A9CC82E3F2D3D00352F2B /* Build configuration list for PBXNativeTarget "MoneyApp" */;
			buildPhases = (
				BC9A9CB62E3F2D3C00352F2B /* Sources */,
				BC9A9CB72E3F2D3C00352F2B /* Frameworks */,
				BC9A9CB82E3F2D3C00352F2B /* Resources */,
			);
			buildRules = (
			);
			dependencies = (
			);
			name = MoneyApp;
			packageProductDependencies = (
				BC9A9D112E40261800352F2B /* MoneyAppGenerated */,
				BC90702A2E40278E004B0623 /* MoneyAppGenerated */,
				BC90702D2E402959004B0623 /* MoneyAppGenerated */,
				BC9070392E402B34004B0623 /* MoneyAppGenerated */,
			);
			productName = MoneyApp;
			productReference = BC9A9CBA2E3F2D3C00352F2B /* MoneyApp.app */;
			productType = "com.apple.product-type.application";
		};
/* End PBXNativeTarget section */

/* Begin PBXProject section */
		BC9A9CB22E3F2D3C00352F2B /* Project object */ = {
			isa = PBXProject;
			attributes = {
				BuildIndependentTargetsInParallel = 1;
				LastSwiftUpdateCheck = 1620;
				LastUpgradeCheck = 1620;
				TargetAttributes = {
					BC9A9CB92E3F2D3C00352F2B = {
						CreatedOnToolsVersion = 16.2;
					};
				};
			};
			buildConfigurationList = BC9A9CB52E3F2D3C00352F2B /* Build configuration list for PBXProject "MoneyApp" */;
			developmentRegion = en;
			hasScannedForEncodings = 0;
			knownRegions = (
				en,
				Base,
			);
			mainGroup = BC9A9CB12E3F2D3C00352F2B;
			minimizedProjectReferenceProxies = 1;
			packageReferences = (
				BC9070382E402B34004B0623 /* XCLocalSwiftPackageReference "Generated" */,
			);
			preferredProjectObjectVersion = 77;
			productRefGroup = BC9A9CBB2E3F2D3C00352F2B /* Products */;
			projectDirPath = "";
			projectRoot = "";
			targets = (
				BC9A9CB92E3F2D3C00352F2B /* MoneyApp */,
			);
		};
/* End PBXProject section */

/* Begin PBXResourcesBuildPhase section */
		BC9A9CB82E3F2D3C00352F2B /* Resources */ = {
			isa = PBXResourcesBuildPhase;
			buildActionMask = 2147483647;
			files = (
				BC9A9CF12E40202400352F2B /* PreviewAssets.xcassets in Resources */,
				BC9A9CD22E3F2D6A00352F2B /* Assets.xcassets in Resources */,
			);
			runOnlyForDeploymentPostprocessing = 0;
		};
/* End PBXResourcesBuildPhase section */

/* Begin PBXSourcesBuildPhase section */
		BC9A9CB62E3F2D3C00352F2B /* Sources */ = {
			isa = PBXSourcesBuildPhase;
			buildActionMask = 2147483647;
			files = (
				BC9A9CEA2E40202400352F2B /* HomeView.swift in Sources */,
				BC9A9CEC2E40202400352F2B /* HomeViewModel.swift in Sources */,
				BC9070362E402996004B0623 /* ModelIndex.swift in Sources */,
				BC9070372E402996004B0623 /* APIService.swift in Sources */,
				BC9A9CED2E40202400352F2B /* HomeService.swift in Sources */,
				BC9A9CEF2E40202400352F2B /* AppRouter.swift in Sources */,
				BC9A9CF02E40202400352F2B /* HomeModels.swift in Sources */,
				BC9A9CD32E3F2D6A00352F2B /* ContentView.swift in Sources */,
				BC9A9CD42E3F2D6A00352F2B /* MoneyAppApp.swift in Sources */,
			);
			runOnlyForDeploymentPostprocessing = 0;
		};
/* End PBXSourcesBuildPhase section */

/* Begin XCBuildConfiguration section */
		BC9A9CC62E3F2D3D00352F2B /* Debug */ = {
			isa = XCBuildConfiguration;
			buildSettings = {
				ALWAYS_SEARCH_USER_PATHS = NO;
				ASSETCATALOG_COMPILER_GENERATE_SWIFT_ASSET_SYMBOL_EXTENSIONS = YES;
				CLANG_ANALYZER_NONNULL = YES;
				CLANG_ANALYZER_NUMBER_OBJECT_CONVERSION = YES_AGGRESSIVE;
				CLANG_CXX_LANGUAGE_STANDARD = "gnu++20";
				CLANG_ENABLE_MODULES = YES;
				CLANG_ENABLE_OBJC_ARC = YES;
				CLANG_ENABLE_OBJC_WEAK = YES;
				CLANG_WARN_BLOCK_CAPTURE_AUTORELEASING = YES;
				CLANG_WARN_BOOL_CONVERSION = YES;
				CLANG_WARN_COMMA = YES;
				CLANG_WARN_CONSTANT_CONVERSION = YES;
				CLANG_WARN_DEPRECATED_OBJC_IMPLEMENTATIONS = YES;
				CLANG_WARN_DIRECT_OBJC_ISA_USAGE = YES_ERROR;
				CLANG_WARN_DOCUMENTATION_COMMENTS = YES;
				CLANG_WARN_EMPTY_BODY = YES;
				CLANG_WARN_ENUM_CONVERSION = YES;
				CLANG_WARN_INFINITE_RECURSION = YES;
				CLANG_WARN_INT_CONVERSION = YES;
				CLANG_WARN_NON_LITERAL_NULL_CONVERSION = YES;
				CLANG_WARN_OBJC_IMPLICIT_RETAIN_SELF = YES;
				CLANG_WARN_OBJC_LITERAL_CONVERSION = YES;
				CLANG_WARN_OBJC_ROOT_CLASS = YES_ERROR;
				CLANG_WARN_QUOTED_INCLUDE_IN_FRAMEWORK_HEADER = YES;
				CLANG_WARN_RANGE_LOOP_ANALYSIS = YES;
				CLANG_WARN_STRICT_PROTOTYPES = YES;
				CLANG_WARN_SUSPICIOUS_MOVE = YES;
				CLANG_WARN_UNGUARDED_AVAILABILITY = YES_AGGRESSIVE;
				CLANG_WARN_UNREACHABLE_CODE = YES;
				CLANG_WARN__DUPLICATE_METHOD_MATCH = YES;
				COPY_PHASE_STRIP = NO;
				DEBUG_INFORMATION_FORMAT = dwarf;
				ENABLE_STRICT_OBJC_MSGSEND = YES;
				ENABLE_TESTABILITY = YES;
				ENABLE_USER_SCRIPT_SANDBOXING = YES;
				GCC_C_LANGUAGE_STANDARD = gnu17;
				GCC_DYNAMIC_NO_PIC = NO;
				GCC_NO_COMMON_BLOCKS = YES;
				GCC_OPTIMIZATION_LEVEL = 0;
				GCC_PREPROCESSOR_DEFINITIONS = (
					"DEBUG=1",
					"$(inherited)",
				);
				GCC_WARN_64_TO_32_BIT_CONVERSION = YES;
				GCC_WARN_ABOUT_RETURN_TYPE = YES_ERROR;
				GCC_WARN_UNDECLARED_SELECTOR = YES;
				GCC_WARN_UNINITIALIZED_AUTOS = YES_AGGRESSIVE;
				GCC_WARN_UNUSED_FUNCTION = YES;
				GCC_WARN_UNUSED_VARIABLE = YES;
				IPHONEOS_DEPLOYMENT_TARGET = 18.2;
				LOCALIZATION_PREFERS_STRING_CATALOGS = YES;
				MTL_ENABLE_DEBUG_INFO = INCLUDE_SOURCE;
				MTL_FAST_MATH = YES;
				ONLY_ACTIVE_ARCH = YES;
				SDKROOT = iphoneos;
				SWIFT_ACTIVE_COMPILATION_CONDITIONS = "DEBUG $(inherited)";
				SWIFT_OPTIMIZATION_LEVEL = "-Onone";
			};
			name = Debug;
		};
		BC9A9CC72E3F2D3D00352F2B /* Release */ = {
			isa = XCBuildConfiguration;
			buildSettings = {
				ALWAYS_SEARCH_USER_PATHS = NO;
				ASSETCATALOG_COMPILER_GENERATE_SWIFT_ASSET_SYMBOL_EXTENSIONS = YES;
				CLANG_ANALYZER_NONNULL = YES;
				CLANG_ANALYZER_NUMBER_OBJECT_CONVERSION = YES_AGGRESSIVE;
				CLANG_CXX_LANGUAGE_STANDARD = "gnu++20";
				CLANG_ENABLE_MODULES = YES;
				CLANG_ENABLE_OBJC_ARC = YES;
				CLANG_ENABLE_OBJC_WEAK = YES;
				CLANG_WARN_BLOCK_CAPTURE_AUTORELEASING = YES;
				CLANG_WARN_BOOL_CONVERSION = YES;
				CLANG_WARN_COMMA = YES;
				CLANG_WARN_CONSTANT_CONVERSION = YES;
				CLANG_WARN_DEPRECATED_OBJC_IMPLEMENTATIONS = YES;
				CLANG_WARN_DIRECT_OBJC_ISA_USAGE = YES_ERROR;
				CLANG_WARN_DOCUMENTATION_COMMENTS = YES;
				CLANG_WARN_EMPTY_BODY = YES;
				CLANG_WARN_ENUM_CONVERSION = YES;
				CLANG_WARN_INFINITE_RECURSION = YES;
				CLANG_WARN_INT_CONVERSION = YES;
				CLANG_WARN_NON_LITERAL_NULL_CONVERSION = YES;
				CLANG_WARN_OBJC_IMPLICIT_RETAIN_SELF = YES;
				CLANG_WARN_OBJC_LITERAL_CONVERSION = YES;
				CLANG_WARN_OBJC_ROOT_CLASS = YES_ERROR;
				CLANG_WARN_QUOTED_INCLUDE_IN_FRAMEWORK_HEADER = YES;
				CLANG_WARN_RANGE_LOOP_ANALYSIS = YES;
				CLANG_WARN_STRICT_PROTOTYPES = YES;
				CLANG_WARN_SUSPICIOUS_MOVE = YES;
				CLANG_WARN_UNGUARDED_AVAILABILITY = YES_AGGRESSIVE;
				CLANG_WARN_UNREACHABLE_CODE = YES;
				CLANG_WARN__DUPLICATE_METHOD_MATCH = YES;
				COPY_PHASE_STRIP = NO;
				DEBUG_INFORMATION_FORMAT = "dwarf-with-dsym";
				ENABLE_NS_ASSERTIONS = NO;
				ENABLE_STRICT_OBJC_MSGSEND = YES;
				ENABLE_USER_SCRIPT_SANDBOXING = YES;
				GCC_C_LANGUAGE_STANDARD = gnu17;
				GCC_NO_COMMON_BLOCKS = YES;
				GCC_WARN_64_TO_32_BIT_CONVERSION = YES;
				GCC_WARN_ABOUT_RETURN_TYPE = YES_ERROR;
				GCC_WARN_UNDECLARED_SELECTOR = YES;
				GCC_WARN_UNINITIALIZED_AUTOS = YES_AGGRESSIVE;
				GCC_WARN_UNUSED_FUNCTION = YES;
				GCC_WARN_UNUSED_VARIABLE = YES;
				IPHONEOS_DEPLOYMENT_TARGET = 18.2;
				LOCALIZATION_PREFERS_STRING_CATALOGS = YES;
				MTL_ENABLE_DEBUG_INFO = NO;
				MTL_FAST_MATH = YES;
				SDKROOT = iphoneos;
				SWIFT_COMPILATION_MODE = wholemodule;
				VALIDATE_PRODUCT = YES;
			};
			name = Release;
		};
		BC9A9CC92E3F2D3D00352F2B /* Debug */ = {
			isa = XCBuildConfiguration;
			buildSettings = {
				ASSETCATALOG_COMPILER_APPICON_NAME = AppIcon;
				ASSETCATALOG_COMPILER_GLOBAL_ACCENT_COLOR_NAME = AccentColor;
				CODE_SIGN_STYLE = Automatic;
				CURRENT_PROJECT_VERSION = 1;
				DEVELOPMENT_ASSET_PATHS = "\"MoneyApp/Preview Content\"";
				DEVELOPMENT_TEAM = LM5XW92LHW;
				ENABLE_PREVIEWS = YES;
				GENERATE_INFOPLIST_FILE = YES;
				INFOPLIST_KEY_CFBundleDisplayName = "The Money App";
				INFOPLIST_KEY_UIApplicationSceneManifest_Generation = YES;
				INFOPLIST_KEY_UIApplicationSupportsIndirectInputEvents = YES;
				INFOPLIST_KEY_UILaunchScreen_Generation = YES;
				INFOPLIST_KEY_UISupportedInterfaceOrientations_iPad = "UIInterfaceOrientationPortrait UIInterfaceOrientationPortraitUpsideDown UIInterfaceOrientationLandscapeLeft UIInterfaceOrientationLandscapeRight";
				INFOPLIST_KEY_UISupportedInterfaceOrientations_iPhone = "UIInterfaceOrientationPortrait UIInterfaceOrientationLandscapeLeft UIInterfaceOrientationLandscapeRight";
				LD_RUNPATH_SEARCH_PATHS = (
					"$(inherited)",
					"@executable_path/Frameworks",
				);
				MARKETING_VERSION = 1.0;
				PRODUCT_BUNDLE_IDENTIFIER = com.juanfmuller.MoneyApp;
				PRODUCT_NAME = "$(TARGET_NAME)";
				SWIFT_EMIT_LOC_STRINGS = YES;
				SWIFT_VERSION = 6.0;
				TARGETED_DEVICE_FAMILY = "1,2";
			};
			name = Debug;
		};
		BC9A9CCA2E3F2D3D00352F2B /* Release */ = {
			isa = XCBuildConfiguration;
			buildSettings = {
				ASSETCATALOG_COMPILER_APPICON_NAME = AppIcon;
				ASSETCATALOG_COMPILER_GLOBAL_ACCENT_COLOR_NAME = AccentColor;
				CODE_SIGN_STYLE = Automatic;
				CURRENT_PROJECT_VERSION = 1;
				DEVELOPMENT_ASSET_PATHS = "\"MoneyApp/Preview Content\"";
				DEVELOPMENT_TEAM = LM5XW92LHW;
				ENABLE_PREVIEWS = YES;
				GENERATE_INFOPLIST_FILE = YES;
				INFOPLIST_KEY_CFBundleDisplayName = "The Money App";
				INFOPLIST_KEY_UIApplicationSceneManifest_Generation = YES;
				INFOPLIST_KEY_UIApplicationSupportsIndirectInputEvents = YES;
				INFOPLIST_KEY_UILaunchScreen_Generation = YES;
				INFOPLIST_KEY_UISupportedInterfaceOrientations_iPad = "UIInterfaceOrientationPortrait UIInterfaceOrientationPortraitUpsideDown UIInterfaceOrientationLandscapeLeft UIInterfaceOrientationLandscapeRight";
				INFOPLIST_KEY_UISupportedInterfaceOrientations_iPhone = "UIInterfaceOrientationPortrait UIInterfaceOrientationLandscapeLeft UIInterfaceOrientationLandscapeRight";
				LD_RUNPATH_SEARCH_PATHS = (
					"$(inherited)",
					"@executable_path/Frameworks",
				);
				MARKETING_VERSION = 1.0;
				PRODUCT_BUNDLE_IDENTIFIER = com.juanfmuller.MoneyApp;
				PRODUCT_NAME = "$(TARGET_NAME)";
				SWIFT_EMIT_LOC_STRINGS = YES;
				SWIFT_VERSION = 6.0;
				TARGETED_DEVICE_FAMILY = "1,2";
			};
			name = Release;
		};
/* End XCBuildConfiguration section */

/* Begin XCConfigurationList section */
		BC9A9CB52E3F2D3C00352F2B /* Build configuration list for PBXProject "MoneyApp" */ = {
			isa = XCConfigurationList;
			buildConfigurations = (
				BC9A9CC62E3F2D3D00352F2B /* Debug */,
				BC9A9CC72E3F2D3D00352F2B /* Release */,
			);
			defaultConfigurationIsVisible = 0;
			defaultConfigurationName = Release;
		};
		BC9A9CC82E3F2D3D00352F2B /* Build configuration list for PBXNativeTarget "MoneyApp" */ = {
			isa = XCConfigurationList;
			buildConfigurations = (
				BC9A9CC92E3F2D3D00352F2B /* Debug */,
				BC9A9CCA2E3F2D3D00352F2B /* Release */,
			);
			defaultConfigurationIsVisible = 0;
			defaultConfigurationName = Release;
		};
/* End XCConfigurationList section */

/* Begin XCLocalSwiftPackageReference section */
		BC9070382E402B34004B0623 /* XCLocalSwiftPackageReference "Generated" */ = {
			isa = XCLocalSwiftPackageReference;
			relativePath = Generated;
		};
/* End XCLocalSwiftPackageReference section */

/* Begin XCSwiftPackageProductDependency section */
		BC90702A2E40278E004B0623 /* MoneyAppGenerated */ = {
			isa = XCSwiftPackageProductDependency;
			productName = MoneyAppGenerated;
		};
		BC90702D2E402959004B0623 /* MoneyAppGenerated */ = {
			isa = XCSwiftPackageProductDependency;
			productName = MoneyAppGenerated;
		};
		BC9070392E402B34004B0623 /* MoneyAppGenerated */ = {
			isa = XCSwiftPackageProductDependency;
			productName = MoneyAppGenerated;
		};
		BC9A9D112E40261800352F2B /* MoneyAppGenerated */ = {
			isa = XCSwiftPackageProductDependency;
			productName = MoneyAppGenerated;
		};
/* End XCSwiftPackageProductDependency section */
	};
	rootObject = BC9A9CB22E3F2D3C00352F2B /* Project object */;
}
