// !$*UTF8*$!
{
	archiveVersion = 1;
	classes = {
	};
	objectVersion = 77;
	objects = {

/* Begin PBXBuildFile section */
		BC16C1102E408CAE0033CD67 /* CodableHelper.swift in Sources */ = {isa = PBXBuildFile; fileRef = BC16C0EB2E408CAE0033CD67 /* CodableHelper.swift */; };
		BC16C1112E408CAE0033CD67 /* JSONDataEncoding.swift in Sources */ = {isa = PBXBuildFile; fileRef = BC16C0ED2E408CAE0033CD67 /* JSONDataEncoding.swift */; };
		BC16C1122E408CAE0033CD67 /* JSONEncodingHelper.swift in Sources */ = {isa = PBXBuildFile; fileRef = BC16C0EE2E408CAE0033CD67 /* JSONEncodingHelper.swift */; };
		BC16C1132E408CAE0033CD67 /* SynchronizedDictionary.swift in Sources */ = {isa = PBXBuildFile; fileRef = BC16C0F22E408CAE0033CD67 /* SynchronizedDictionary.swift */; };
		BC16C1142E408CAE0033CD67 /* APIHelper.swift in Sources */ = {isa = PBXBuildFile; fileRef = BC16C0E92E408CAE0033CD67 /* APIHelper.swift */; };
		BC16C1152E408CAE0033CD67 /* AccountInfo.swift in Sources */ = {isa = PBXBuildFile; fileRef = BC16C0F62E408CAE0033CD67 /* AccountInfo.swift */; };
		BC16C1162E408CAE0033CD67 /* AccountListResponse.swift in Sources */ = {isa = PBXBuildFile; fileRef = BC16C0F72E408CAE0033CD67 /* AccountListResponse.swift */; };
		BC16C1172E408CAE0033CD67 /* Models.swift in Sources */ = {isa = PBXBuildFile; fileRef = BC16C0F02E408CAE0033CD67 /* Models.swift */; };
		BC16C1182E408CAE0033CD67 /* APIs.swift in Sources */ = {isa = PBXBuildFile; fileRef = BC16C0EA2E408CAE0033CD67 /* APIs.swift */; };
		BC16C1192E408CAE0033CD67 /* RecentTransactionsResponse.swift in Sources */ = {isa = PBXBuildFile; fileRef = BC16C1052E408CAE0033CD67 /* RecentTransactionsResponse.swift */; };
		BC16C11A2E408CAE0033CD67 /* DeviceTokenResponse.swift in Sources */ = {isa = PBXBuildFile; fileRef = BC16C0FF2E408CAE0033CD67 /* DeviceTokenResponse.swift */; };
		BC16C11B2E408CAE0033CD67 /* CategorySpending.swift in Sources */ = {isa = PBXBuildFile; fileRef = BC16C0FC2E408CAE0033CD67 /* CategorySpending.swift */; };
		BC16C11C2E408CAE0033CD67 /* Validation.swift in Sources */ = {isa = PBXBuildFile; fileRef = BC16C0F42E408CAE0033CD67 /* Validation.swift */; };
		BC16C11D2E408CAE0033CD67 /* URLSessionImplementations.swift in Sources */ = {isa = PBXBuildFile; fileRef = BC16C0F32E408CAE0033CD67 /* URLSessionImplementations.swift */; };
		BC16C11E2E408CAE0033CD67 /* SpendingSummaryResponse.swift in Sources */ = {isa = PBXBuildFile; fileRef = BC16C1062E408CAE0033CD67 /* SpendingSummaryResponse.swift */; };
		BC16C11F2E408CAE0033CD67 /* NotificationPreferencesResponse.swift in Sources */ = {isa = PBXBuildFile; fileRef = BC16C1022E408CAE0033CD67 /* NotificationPreferencesResponse.swift */; };
		BC16C1202E408CAE0033CD67 /* SyncAccountsResponse.swift in Sources */ = {isa = PBXBuildFile; fileRef = BC16C1072E408CAE0033CD67 /* SyncAccountsResponse.swift */; };
		BC16C1212E408CAE0033CD67 /* DeviceTokenRequest.swift in Sources */ = {isa = PBXBuildFile; fileRef = BC16C0FE2E408CAE0033CD67 /* DeviceTokenRequest.swift */; };
		BC16C1222E408CAE0033CD67 /* TransactionResponse.swift in Sources */ = {isa = PBXBuildFile; fileRef = BC16C10A2E408CAE0033CD67 /* TransactionResponse.swift */; };
		BC16C1232E408CAE0033CD67 /* JSONValue.swift in Sources */ = {isa = PBXBuildFile; fileRef = BC16C0EF2E408CAE0033CD67 /* JSONValue.swift */; };
		BC16C1242E408CAE0033CD67 /* SyncStatusResponse.swift in Sources */ = {isa = PBXBuildFile; fileRef = BC16C1082E408CAE0033CD67 /* SyncStatusResponse.swift */; };
		BC16C1252E408CAE0033CD67 /* LinkTokenResponse.swift in Sources */ = {isa = PBXBuildFile; fileRef = BC16C1012E408CAE0033CD67 /* LinkTokenResponse.swift */; };
		BC16C1262E408CAE0033CD67 /* OpenISO8601DateFormatter.swift in Sources */ = {isa = PBXBuildFile; fileRef = BC16C0F12E408CAE0033CD67 /* OpenISO8601DateFormatter.swift */; };
		BC16C1272E408CAE0033CD67 /* UserResponse.swift in Sources */ = {isa = PBXBuildFile; fileRef = BC16C10D2E408CAE0033CD67 /* UserResponse.swift */; };
		BC16C1282E408CAE0033CD67 /* LinkTokenRequest.swift in Sources */ = {isa = PBXBuildFile; fileRef = BC16C1002E408CAE0033CD67 /* LinkTokenRequest.swift */; };
		BC16C1292E408CAE0033CD67 /* AccountResponse.swift in Sources */ = {isa = PBXBuildFile; fileRef = BC16C0F82E408CAE0033CD67 /* AccountResponse.swift */; };
		BC16C12A2E408CAE0033CD67 /* AuthTokenResponse.swift in Sources */ = {isa = PBXBuildFile; fileRef = BC16C0FA2E408CAE0033CD67 /* AuthTokenResponse.swift */; };
		BC16C12B2E408CAE0033CD67 /* UserRegistrationRequest.swift in Sources */ = {isa = PBXBuildFile; fileRef = BC16C10C2E408CAE0033CD67 /* UserRegistrationRequest.swift */; };
		BC16C12C2E408CAE0033CD67 /* PublicTokenExchangeRequest.swift in Sources */ = {isa = PBXBuildFile; fileRef = BC16C1032E408CAE0033CD67 /* PublicTokenExchangeRequest.swift */; };
		BC16C12D2E408CAE0033CD67 /* CategoriesResponse.swift in Sources */ = {isa = PBXBuildFile; fileRef = BC16C0FB2E408CAE0033CD67 /* CategoriesResponse.swift */; };
		BC16C12E2E408CAE0033CD67 /* UserLoginRequest.swift in Sources */ = {isa = PBXBuildFile; fileRef = BC16C10B2E408CAE0033CD67 /* UserLoginRequest.swift */; };
		BC16C12F2E408CAE0033CD67 /* PublicTokenExchangeResponse.swift in Sources */ = {isa = PBXBuildFile; fileRef = BC16C1042E408CAE0033CD67 /* PublicTokenExchangeResponse.swift */; };
		BC16C1302E408CAE0033CD67 /* Extensions.swift in Sources */ = {isa = PBXBuildFile; fileRef = BC16C0EC2E408CAE0033CD67 /* Extensions.swift */; };
		BC16C1312E408CAE0033CD67 /* TransactionListResponse.swift in Sources */ = {isa = PBXBuildFile; fileRef = BC16C1092E408CAE0033CD67 /* TransactionListResponse.swift */; };
		BC16C1322E408CAE0033CD67 /* AccountSyncInfo.swift in Sources */ = {isa = PBXBuildFile; fileRef = BC16C0F92E408CAE0033CD67 /* AccountSyncInfo.swift */; };
		BC16C1332E408CAE0033CD67 /* DailySpending.swift in Sources */ = {isa = PBXBuildFile; fileRef = BC16C0FD2E408CAE0033CD67 /* DailySpending.swift */; };
		BC9A9CD22E3F2D6A00352F2B /* Assets.xcassets in Resources */ = {isa = PBXBuildFile; fileRef = BC9A9CCD2E3F2D6A00352F2B /* Assets.xcassets */; };
		BC9A9CD32E3F2D6A00352F2B /* ContentView.swift in Sources */ = {isa = PBXBuildFile; fileRef = BC9A9CCE2E3F2D6A00352F2B /* ContentView.swift */; };
		BC9A9CD42E3F2D6A00352F2B /* MoneyAppApp.swift in Sources */ = {isa = PBXBuildFile; fileRef = BC9A9CCF2E3F2D6A00352F2B /* MoneyAppApp.swift */; };
		BC9A9CEA2E40202400352F2B /* HomeView.swift in Sources */ = {isa = PBXBuildFile; fileRef = BC9A9CE12E40202400352F2B /* HomeView.swift */; };
		BC9A9CEC2E40202400352F2B /* HomeViewModel.swift in Sources */ = {isa = PBXBuildFile; fileRef = BC9A9CDF2E40202400352F2B /* HomeViewModel.swift */; };
		BC9A9CED2E40202400352F2B /* HomeService.swift in Sources */ = {isa = PBXBuildFile; fileRef = BC9A9CDD2E40202400352F2B /* HomeService.swift */; };
		BC9A9CEF2E40202400352F2B /* AppRouter.swift in Sources */ = {isa = PBXBuildFile; fileRef = BC9A9CD82E40202400352F2B /* AppRouter.swift */; };
		BC9A9CF02E40202400352F2B /* HomeModels.swift in Sources */ = {isa = PBXBuildFile; fileRef = BC9A9CDB2E40202400352F2B /* HomeModels.swift */; };
		BC9A9CF12E40202400352F2B /* PreviewAssets.xcassets in Resources */ = {isa = PBXBuildFile; fileRef = BC9A9CE82E40202400352F2B /* PreviewAssets.xcassets */; };
		BCBC2EEC2E4031020060C7BB /* OnboardingFlowView.swift in Sources */ = {isa = PBXBuildFile; fileRef = BCBC2EE82E4031020060C7BB /* OnboardingFlowView.swift */; };
		BCBC2EED2E4031020060C7BB /* LoginViewModel.swift in Sources */ = {isa = PBXBuildFile; fileRef = BCBC2EE22E4031020060C7BB /* LoginViewModel.swift */; };
		BCBC2EEE2E4031020060C7BB /* OnboardingModels.swift in Sources */ = {isa = PBXBuildFile; fileRef = BCBC2EDE2E4031020060C7BB /* OnboardingModels.swift */; };
		BCBC2EEF2E4031020060C7BB /* OnboardingContainerView.swift in Sources */ = {isa = PBXBuildFile; fileRef = BCBC2EE72E4031020060C7BB /* OnboardingContainerView.swift */; };
		BCBC2EF02E4031020060C7BB /* OnboardingFlowViewModel.swift in Sources */ = {isa = PBXBuildFile; fileRef = BCBC2EE32E4031020060C7BB /* OnboardingFlowViewModel.swift */; };
		BCBC2EF12E4031020060C7BB /* RegisterViewModel.swift in Sources */ = {isa = PBXBuildFile; fileRef = BCBC2EE42E4031020060C7BB /* RegisterViewModel.swift */; };
		BCBC2EF22E4031020060C7BB /* RegisterView.swift in Sources */ = {isa = PBXBuildFile; fileRef = BCBC2EE92E4031020060C7BB /* RegisterView.swift */; };
		BCBC2EF32E4031020060C7BB /* LoginView.swift in Sources */ = {isa = PBXBuildFile; fileRef = BCBC2EE62E4031020060C7BB /* LoginView.swift */; };
		BCBC2EF42E4031020060C7BB /* OnboardingService.swift in Sources */ = {isa = PBXBuildFile; fileRef = BCBC2EE02E4031020060C7BB /* OnboardingService.swift */; };
		BCBC2EF92E4043F80060C7BB /* LoggingService.swift in Sources */ = {isa = PBXBuildFile; fileRef = BCBC2EF62E4043F80060C7BB /* LoggingService.swift */; };
		BCBC2EFC2E4044000060C7BB /* FirebaseConfig.swift in Sources */ = {isa = PBXBuildFile; fileRef = BCBC2EFA2E4044000060C7BB /* FirebaseConfig.swift */; };
		BCBC2EFF2E40442B0060C7BB /* README.md in Resources */ = {isa = PBXBuildFile; fileRef = BCBC2EFE2E40442B0060C7BB /* README.md */; };
		BCBC2F0A2E4049D20060C7BB /* FirebaseAnalytics in Frameworks */ = {isa = PBXBuildFile; productRef = BCBC2F092E4049D20060C7BB /* FirebaseAnalytics */; };
		BCBC2F0C2E4049D20060C7BB /* FirebaseCore in Frameworks */ = {isa = PBXBuildFile; productRef = BCBC2F0B2E4049D20060C7BB /* FirebaseCore */; };
		BCBC2F0E2E4049D20060C7BB /* FirebaseCrashlytics in Frameworks */ = {isa = PBXBuildFile; productRef = BCBC2F0D2E4049D20060C7BB /* FirebaseCrashlytics */; };
		BCBC2F152E406E640060C7BB /* AppConstants.swift in Sources */ = {isa = PBXBuildFile; fileRef = BCBC2F142E406E580060C7BB /* AppConstants.swift */; };
		BCBC2F182E406FA50060C7BB /* ModelIndex.swift in Sources */ = {isa = PBXBuildFile; fileRef = BCBC2F162E406FA50060C7BB /* ModelIndex.swift */; };
		BCBC2F1B2E406FAD0060C7BB /* APIClient.swift in Sources */ = {isa = PBXBuildFile; fileRef = BCBC2F192E406FAD0060C7BB /* APIClient.swift */; };
		BCBC2F1D2E4071580060C7BB /* APIEndpoints.swift in Sources */ = {isa = PBXBuildFile; fileRef = BCBC2F1C2E4071530060C7BB /* APIEndpoints.swift */; };
/* End PBXBuildFile section */

/* Begin PBXFileReference section */
		BC16C0E92E408CAE0033CD67 /* APIHelper.swift */ = {isa = PBXFileReference; lastKnownFileType = sourcecode.swift; path = APIHelper.swift; sourceTree = "<group>"; };
		BC16C0EA2E408CAE0033CD67 /* APIs.swift */ = {isa = PBXFileReference; lastKnownFileType = sourcecode.swift; path = APIs.swift; sourceTree = "<group>"; };
		BC16C0EB2E408CAE0033CD67 /* CodableHelper.swift */ = {isa = PBXFileReference; lastKnownFileType = sourcecode.swift; path = CodableHelper.swift; sourceTree = "<group>"; };
		BC16C0EC2E408CAE0033CD67 /* Extensions.swift */ = {isa = PBXFileReference; lastKnownFileType = sourcecode.swift; path = Extensions.swift; sourceTree = "<group>"; };
		BC16C0ED2E408CAE0033CD67 /* JSONDataEncoding.swift */ = {isa = PBXFileReference; lastKnownFileType = sourcecode.swift; path = JSONDataEncoding.swift; sourceTree = "<group>"; };
		BC16C0EE2E408CAE0033CD67 /* JSONEncodingHelper.swift */ = {isa = PBXFileReference; lastKnownFileType = sourcecode.swift; path = JSONEncodingHelper.swift; sourceTree = "<group>"; };
		BC16C0EF2E408CAE0033CD67 /* JSONValue.swift */ = {isa = PBXFileReference; lastKnownFileType = sourcecode.swift; path = JSONValue.swift; sourceTree = "<group>"; };
		BC16C0F02E408CAE0033CD67 /* Models.swift */ = {isa = PBXFileReference; lastKnownFileType = sourcecode.swift; path = Models.swift; sourceTree = "<group>"; };
		BC16C0F12E408CAE0033CD67 /* OpenISO8601DateFormatter.swift */ = {isa = PBXFileReference; lastKnownFileType = sourcecode.swift; path = OpenISO8601DateFormatter.swift; sourceTree = "<group>"; };
		BC16C0F22E408CAE0033CD67 /* SynchronizedDictionary.swift */ = {isa = PBXFileReference; lastKnownFileType = sourcecode.swift; path = SynchronizedDictionary.swift; sourceTree = "<group>"; };
		BC16C0F32E408CAE0033CD67 /* URLSessionImplementations.swift */ = {isa = PBXFileReference; lastKnownFileType = sourcecode.swift; path = URLSessionImplementations.swift; sourceTree = "<group>"; };
		BC16C0F42E408CAE0033CD67 /* Validation.swift */ = {isa = PBXFileReference; lastKnownFileType = sourcecode.swift; path = Validation.swift; sourceTree = "<group>"; };
		BC16C0F62E408CAE0033CD67 /* AccountInfo.swift */ = {isa = PBXFileReference; lastKnownFileType = sourcecode.swift; path = AccountInfo.swift; sourceTree = "<group>"; };
		BC16C0F72E408CAE0033CD67 /* AccountListResponse.swift */ = {isa = PBXFileReference; lastKnownFileType = sourcecode.swift; path = AccountListResponse.swift; sourceTree = "<group>"; };
		BC16C0F82E408CAE0033CD67 /* AccountResponse.swift */ = {isa = PBXFileReference; lastKnownFileType = sourcecode.swift; path = AccountResponse.swift; sourceTree = "<group>"; };
		BC16C0F92E408CAE0033CD67 /* AccountSyncInfo.swift */ = {isa = PBXFileReference; lastKnownFileType = sourcecode.swift; path = AccountSyncInfo.swift; sourceTree = "<group>"; };
		BC16C0FA2E408CAE0033CD67 /* AuthTokenResponse.swift */ = {isa = PBXFileReference; lastKnownFileType = sourcecode.swift; path = AuthTokenResponse.swift; sourceTree = "<group>"; };
		BC16C0FB2E408CAE0033CD67 /* CategoriesResponse.swift */ = {isa = PBXFileReference; lastKnownFileType = sourcecode.swift; path = CategoriesResponse.swift; sourceTree = "<group>"; };
		BC16C0FC2E408CAE0033CD67 /* CategorySpending.swift */ = {isa = PBXFileReference; lastKnownFileType = sourcecode.swift; path = CategorySpending.swift; sourceTree = "<group>"; };
		BC16C0FD2E408CAE0033CD67 /* DailySpending.swift */ = {isa = PBXFileReference; lastKnownFileType = sourcecode.swift; path = DailySpending.swift; sourceTree = "<group>"; };
		BC16C0FE2E408CAE0033CD67 /* DeviceTokenRequest.swift */ = {isa = PBXFileReference; lastKnownFileType = sourcecode.swift; path = DeviceTokenRequest.swift; sourceTree = "<group>"; };
		BC16C0FF2E408CAE0033CD67 /* DeviceTokenResponse.swift */ = {isa = PBXFileReference; lastKnownFileType = sourcecode.swift; path = DeviceTokenResponse.swift; sourceTree = "<group>"; };
		BC16C1002E408CAE0033CD67 /* LinkTokenRequest.swift */ = {isa = PBXFileReference; lastKnownFileType = sourcecode.swift; path = LinkTokenRequest.swift; sourceTree = "<group>"; };
		BC16C1012E408CAE0033CD67 /* LinkTokenResponse.swift */ = {isa = PBXFileReference; lastKnownFileType = sourcecode.swift; path = LinkTokenResponse.swift; sourceTree = "<group>"; };
		BC16C1022E408CAE0033CD67 /* NotificationPreferencesResponse.swift */ = {isa = PBXFileReference; lastKnownFileType = sourcecode.swift; path = NotificationPreferencesResponse.swift; sourceTree = "<group>"; };
		BC16C1032E408CAE0033CD67 /* PublicTokenExchangeRequest.swift */ = {isa = PBXFileReference; lastKnownFileType = sourcecode.swift; path = PublicTokenExchangeRequest.swift; sourceTree = "<group>"; };
		BC16C1042E408CAE0033CD67 /* PublicTokenExchangeResponse.swift */ = {isa = PBXFileReference; lastKnownFileType = sourcecode.swift; path = PublicTokenExchangeResponse.swift; sourceTree = "<group>"; };
		BC16C1052E408CAE0033CD67 /* RecentTransactionsResponse.swift */ = {isa = PBXFileReference; lastKnownFileType = sourcecode.swift; path = RecentTransactionsResponse.swift; sourceTree = "<group>"; };
		BC16C1062E408CAE0033CD67 /* SpendingSummaryResponse.swift */ = {isa = PBXFileReference; lastKnownFileType = sourcecode.swift; path = SpendingSummaryResponse.swift; sourceTree = "<group>"; };
		BC16C1072E408CAE0033CD67 /* SyncAccountsResponse.swift */ = {isa = PBXFileReference; lastKnownFileType = sourcecode.swift; path = SyncAccountsResponse.swift; sourceTree = "<group>"; };
		BC16C1082E408CAE0033CD67 /* SyncStatusResponse.swift */ = {isa = PBXFileReference; lastKnownFileType = sourcecode.swift; path = SyncStatusResponse.swift; sourceTree = "<group>"; };
		BC16C1092E408CAE0033CD67 /* TransactionListResponse.swift */ = {isa = PBXFileReference; lastKnownFileType = sourcecode.swift; path = TransactionListResponse.swift; sourceTree = "<group>"; };
		BC16C10A2E408CAE0033CD67 /* TransactionResponse.swift */ = {isa = PBXFileReference; lastKnownFileType = sourcecode.swift; path = TransactionResponse.swift; sourceTree = "<group>"; };
		BC16C10B2E408CAE0033CD67 /* UserLoginRequest.swift */ = {isa = PBXFileReference; lastKnownFileType = sourcecode.swift; path = UserLoginRequest.swift; sourceTree = "<group>"; };
		BC16C10C2E408CAE0033CD67 /* UserRegistrationRequest.swift */ = {isa = PBXFileReference; lastKnownFileType = sourcecode.swift; path = UserRegistrationRequest.swift; sourceTree = "<group>"; };
		BC16C10D2E408CAE0033CD67 /* UserResponse.swift */ = {isa = PBXFileReference; lastKnownFileType = sourcecode.swift; path = UserResponse.swift; sourceTree = "<group>"; };
		BC9A9CBA2E3F2D3C00352F2B /* MoneyApp.app */ = {isa = PBXFileReference; explicitFileType = wrapper.application; includeInIndex = 0; path = MoneyApp.app; sourceTree = BUILT_PRODUCTS_DIR; };
		BC9A9CCD2E3F2D6A00352F2B /* Assets.xcassets */ = {isa = PBXFileReference; lastKnownFileType = folder.assetcatalog; path = Assets.xcassets; sourceTree = "<group>"; };
		BC9A9CCE2E3F2D6A00352F2B /* ContentView.swift */ = {isa = PBXFileReference; lastKnownFileType = sourcecode.swift; path = ContentView.swift; sourceTree = "<group>"; };
		BC9A9CCF2E3F2D6A00352F2B /* MoneyAppApp.swift */ = {isa = PBXFileReference; lastKnownFileType = sourcecode.swift; path = MoneyAppApp.swift; sourceTree = "<group>"; };
		BC9A9CD82E40202400352F2B /* AppRouter.swift */ = {isa = PBXFileReference; lastKnownFileType = sourcecode.swift; path = AppRouter.swift; sourceTree = "<group>"; };
		BC9A9CDB2E40202400352F2B /* HomeModels.swift */ = {isa = PBXFileReference; lastKnownFileType = sourcecode.swift; path = HomeModels.swift; sourceTree = "<group>"; };
		BC9A9CDD2E40202400352F2B /* HomeService.swift */ = {isa = PBXFileReference; lastKnownFileType = sourcecode.swift; path = HomeService.swift; sourceTree = "<group>"; };
		BC9A9CDF2E40202400352F2B /* HomeViewModel.swift */ = {isa = PBXFileReference; lastKnownFileType = sourcecode.swift; path = HomeViewModel.swift; sourceTree = "<group>"; };
		BC9A9CE12E40202400352F2B /* HomeView.swift */ = {isa = PBXFileReference; lastKnownFileType = sourcecode.swift; path = HomeView.swift; sourceTree = "<group>"; };
		BC9A9CE82E40202400352F2B /* PreviewAssets.xcassets */ = {isa = PBXFileReference; lastKnownFileType = folder.assetcatalog; path = PreviewAssets.xcassets; sourceTree = "<group>"; };
		BCBC2EDE2E4031020060C7BB /* OnboardingModels.swift */ = {isa = PBXFileReference; lastKnownFileType = sourcecode.swift; path = OnboardingModels.swift; sourceTree = "<group>"; };
		BCBC2EE02E4031020060C7BB /* OnboardingService.swift */ = {isa = PBXFileReference; lastKnownFileType = sourcecode.swift; path = OnboardingService.swift; sourceTree = "<group>"; };
		BCBC2EE22E4031020060C7BB /* LoginViewModel.swift */ = {isa = PBXFileReference; lastKnownFileType = sourcecode.swift; path = LoginViewModel.swift; sourceTree = "<group>"; };
		BCBC2EE32E4031020060C7BB /* OnboardingFlowViewModel.swift */ = {isa = PBXFileReference; lastKnownFileType = sourcecode.swift; path = OnboardingFlowViewModel.swift; sourceTree = "<group>"; };
		BCBC2EE42E4031020060C7BB /* RegisterViewModel.swift */ = {isa = PBXFileReference; lastKnownFileType = sourcecode.swift; path = RegisterViewModel.swift; sourceTree = "<group>"; };
		BCBC2EE62E4031020060C7BB /* LoginView.swift */ = {isa = PBXFileReference; lastKnownFileType = sourcecode.swift; path = LoginView.swift; sourceTree = "<group>"; };
		BCBC2EE72E4031020060C7BB /* OnboardingContainerView.swift */ = {isa = PBXFileReference; lastKnownFileType = sourcecode.swift; path = OnboardingContainerView.swift; sourceTree = "<group>"; };
		BCBC2EE82E4031020060C7BB /* OnboardingFlowView.swift */ = {isa = PBXFileReference; lastKnownFileType = sourcecode.swift; path = OnboardingFlowView.swift; sourceTree = "<group>"; };
		BCBC2EE92E4031020060C7BB /* RegisterView.swift */ = {isa = PBXFileReference; lastKnownFileType = sourcecode.swift; path = RegisterView.swift; sourceTree = "<group>"; };
		BCBC2EF62E4043F80060C7BB /* LoggingService.swift */ = {isa = PBXFileReference; lastKnownFileType = sourcecode.swift; path = LoggingService.swift; sourceTree = "<group>"; };
		BCBC2EFA2E4044000060C7BB /* FirebaseConfig.swift */ = {isa = PBXFileReference; lastKnownFileType = sourcecode.swift; path = FirebaseConfig.swift; sourceTree = "<group>"; };
		BCBC2EFE2E40442B0060C7BB /* README.md */ = {isa = PBXFileReference; lastKnownFileType = net.daringfireball.markdown; path = README.md; sourceTree = "<group>"; };
		BCBC2F142E406E580060C7BB /* AppConstants.swift */ = {isa = PBXFileReference; lastKnownFileType = sourcecode.swift; path = AppConstants.swift; sourceTree = "<group>"; };
		BCBC2F162E406FA50060C7BB /* ModelIndex.swift */ = {isa = PBXFileReference; lastKnownFileType = sourcecode.swift; path = ModelIndex.swift; sourceTree = "<group>"; };
		BCBC2F192E406FAD0060C7BB /* APIClient.swift */ = {isa = PBXFileReference; lastKnownFileType = sourcecode.swift; path = APIClient.swift; sourceTree = "<group>"; };
		BCBC2F1C2E4071530060C7BB /* APIEndpoints.swift */ = {isa = PBXFileReference; lastKnownFileType = sourcecode.swift; path = APIEndpoints.swift; sourceTree = "<group>"; };
/* End PBXFileReference section */

/* Begin PBXFrameworksBuildPhase section */
		BC9A9CB72E3F2D3C00352F2B /* Frameworks */ = {
			isa = PBXFrameworksBuildPhase;
			buildActionMask = 2147483647;
			files = (
				BCBC2F0E2E4049D20060C7BB /* FirebaseCrashlytics in Frameworks */,
				BCBC2F0A2E4049D20060C7BB /* FirebaseAnalytics in Frameworks */,
				BCBC2F0C2E4049D20060C7BB /* FirebaseCore in Frameworks */,
			);
			runOnlyForDeploymentPostprocessing = 0;
		};
/* End PBXFrameworksBuildPhase section */

/* Begin PBXGroup section */
		BC16C0F52E408CAE0033CD67 /* Infrastructure */ = {
			isa = PBXGroup;
			children = (
				BC16C0E92E408CAE0033CD67 /* APIHelper.swift */,
				BC16C0EA2E408CAE0033CD67 /* APIs.swift */,
				BC16C0EB2E408CAE0033CD67 /* CodableHelper.swift */,
				BC16C0EC2E408CAE0033CD67 /* Extensions.swift */,
				BC16C0ED2E408CAE0033CD67 /* JSONDataEncoding.swift */,
				BC16C0EE2E408CAE0033CD67 /* JSONEncodingHelper.swift */,
				BC16C0EF2E408CAE0033CD67 /* JSONValue.swift */,
				BC16C0F02E408CAE0033CD67 /* Models.swift */,
				BC16C0F12E408CAE0033CD67 /* OpenISO8601DateFormatter.swift */,
				BC16C0F22E408CAE0033CD67 /* SynchronizedDictionary.swift */,
				BC16C0F32E408CAE0033CD67 /* URLSessionImplementations.swift */,
				BC16C0F42E408CAE0033CD67 /* Validation.swift */,
			);
			path = Infrastructure;
			sourceTree = "<group>";
		};
		BC16C10E2E408CAE0033CD67 /* Models */ = {
			isa = PBXGroup;
			children = (
				BC16C0F62E408CAE0033CD67 /* AccountInfo.swift */,
				BC16C0F72E408CAE0033CD67 /* AccountListResponse.swift */,
				BC16C0F82E408CAE0033CD67 /* AccountResponse.swift */,
				BC16C0F92E408CAE0033CD67 /* AccountSyncInfo.swift */,
				BC16C0FA2E408CAE0033CD67 /* AuthTokenResponse.swift */,
				BC16C0FB2E408CAE0033CD67 /* CategoriesResponse.swift */,
				BC16C0FC2E408CAE0033CD67 /* CategorySpending.swift */,
				BC16C0FD2E408CAE0033CD67 /* DailySpending.swift */,
				BC16C0FE2E408CAE0033CD67 /* DeviceTokenRequest.swift */,
				BC16C0FF2E408CAE0033CD67 /* DeviceTokenResponse.swift */,
				BC16C1002E408CAE0033CD67 /* LinkTokenRequest.swift */,
				BC16C1012E408CAE0033CD67 /* LinkTokenResponse.swift */,
				BC16C1022E408CAE0033CD67 /* NotificationPreferencesResponse.swift */,
				BC16C1032E408CAE0033CD67 /* PublicTokenExchangeRequest.swift */,
				BC16C1042E408CAE0033CD67 /* PublicTokenExchangeResponse.swift */,
				BC16C1052E408CAE0033CD67 /* RecentTransactionsResponse.swift */,
				BC16C1062E408CAE0033CD67 /* SpendingSummaryResponse.swift */,
				BC16C1072E408CAE0033CD67 /* SyncAccountsResponse.swift */,
				BC16C1082E408CAE0033CD67 /* SyncStatusResponse.swift */,
				BC16C1092E408CAE0033CD67 /* TransactionListResponse.swift */,
				BC16C10A2E408CAE0033CD67 /* TransactionResponse.swift */,
				BC16C10B2E408CAE0033CD67 /* UserLoginRequest.swift */,
				BC16C10C2E408CAE0033CD67 /* UserRegistrationRequest.swift */,
				BC16C10D2E408CAE0033CD67 /* UserResponse.swift */,
			);
			path = Models;
			sourceTree = "<group>";
		};
		BC16C10F2E408CAE0033CD67 /* Generated */ = {
			isa = PBXGroup;
			children = (
				BC16C0F52E408CAE0033CD67 /* Infrastructure */,
				BC16C10E2E408CAE0033CD67 /* Models */,
			);
			path = Generated;
			sourceTree = "<group>";
		};
		BC9A9CB12E3F2D3C00352F2B = {
			isa = PBXGroup;
			children = (
				BC9A9CD02E3F2D6A00352F2B /* MoneyApp */,
				BCBC2EFE2E40442B0060C7BB /* README.md */,
				BC9A9CBB2E3F2D3C00352F2B /* Products */,
			);
			sourceTree = "<group>";
		};
		BC9A9CBB2E3F2D3C00352F2B /* Products */ = {
			isa = PBXGroup;
			children = (
				BC9A9CBA2E3F2D3C00352F2B /* MoneyApp.app */,
			);
			name = Products;
			sourceTree = "<group>";
		};
		BC9A9CD02E3F2D6A00352F2B /* MoneyApp */ = {
			isa = PBXGroup;
			children = (
				BC9A9CDA2E40202400352F2B /* Core */,
				BC9A9CE42E40202400352F2B /* Features */,
				BC9A9CE92E40202400352F2B /* Preview Content */,
				BC9A9CCD2E3F2D6A00352F2B /* Assets.xcassets */,
				BC9A9CCE2E3F2D6A00352F2B /* ContentView.swift */,
				BC9A9CCF2E3F2D6A00352F2B /* MoneyAppApp.swift */,
			);
			path = MoneyApp;
			sourceTree = "<group>";
		};
		BC9A9CD92E40202400352F2B /* Navigation */ = {
			isa = PBXGroup;
			children = (
				BC9A9CD82E40202400352F2B /* AppRouter.swift */,
			);
			path = Navigation;
			sourceTree = "<group>";
		};
		BC9A9CDA2E40202400352F2B /* Core */ = {
			isa = PBXGroup;
			children = (
				BCBC2F172E406FA50060C7BB /* Models */,
				BCBC2F1A2E406FAD0060C7BB /* Networking */,
				BCBC2EFB2E4044000060C7BB /* Configuration */,
				BCBC2EF72E4043F80060C7BB /* Logging */,
				BC9A9CD92E40202400352F2B /* Navigation */,
			);
			path = Core;
			sourceTree = "<group>";
		};
		BC9A9CDC2E40202400352F2B /* Models */ = {
			isa = PBXGroup;
			children = (
				BC9A9CDB2E40202400352F2B /* HomeModels.swift */,
			);
			path = Models;
			sourceTree = "<group>";
		};
		BC9A9CDE2E40202400352F2B /* Services */ = {
			isa = PBXGroup;
			children = (
				BC9A9CDD2E40202400352F2B /* HomeService.swift */,
			);
			path = Services;
			sourceTree = "<group>";
		};
		BC9A9CE02E40202400352F2B /* ViewModels */ = {
			isa = PBXGroup;
			children = (
				BC9A9CDF2E40202400352F2B /* HomeViewModel.swift */,
			);
			path = ViewModels;
			sourceTree = "<group>";
		};
		BC9A9CE22E40202400352F2B /* Views */ = {
			isa = PBXGroup;
			children = (
				BC9A9CE12E40202400352F2B /* HomeView.swift */,
			);
			path = Views;
			sourceTree = "<group>";
		};
		BC9A9CE32E40202400352F2B /* Home */ = {
			isa = PBXGroup;
			children = (
				BC9A9CDC2E40202400352F2B /* Models */,
				BC9A9CDE2E40202400352F2B /* Services */,
				BC9A9CE02E40202400352F2B /* ViewModels */,
				BC9A9CE22E40202400352F2B /* Views */,
			);
			path = Home;
			sourceTree = "<group>";
		};
		BC9A9CE42E40202400352F2B /* Features */ = {
			isa = PBXGroup;
			children = (
				BCBC2EEB2E4031020060C7BB /* Onboarding */,
				BC9A9CE32E40202400352F2B /* Home */,
			);
			path = Features;
			sourceTree = "<group>";
		};
		BC9A9CE92E40202400352F2B /* Preview Content */ = {
			isa = PBXGroup;
			children = (
				BC9A9CE82E40202400352F2B /* PreviewAssets.xcassets */,
			);
			path = "Preview Content";
			sourceTree = "<group>";
		};
		BCBC2EDF2E4031020060C7BB /* Models */ = {
			isa = PBXGroup;
			children = (
				BCBC2EDE2E4031020060C7BB /* OnboardingModels.swift */,
			);
			path = Models;
			sourceTree = "<group>";
		};
		BCBC2EE12E4031020060C7BB /* Services */ = {
			isa = PBXGroup;
			children = (
				BCBC2EE02E4031020060C7BB /* OnboardingService.swift */,
			);
			path = Services;
			sourceTree = "<group>";
		};
		BCBC2EE52E4031020060C7BB /* ViewModels */ = {
			isa = PBXGroup;
			children = (
				BCBC2EE22E4031020060C7BB /* LoginViewModel.swift */,
				BCBC2EE32E4031020060C7BB /* OnboardingFlowViewModel.swift */,
				BCBC2EE42E4031020060C7BB /* RegisterViewModel.swift */,
			);
			path = ViewModels;
			sourceTree = "<group>";
		};
		BCBC2EEA2E4031020060C7BB /* Views */ = {
			isa = PBXGroup;
			children = (
				BCBC2EE62E4031020060C7BB /* LoginView.swift */,
				BCBC2EE72E4031020060C7BB /* OnboardingContainerView.swift */,
				BCBC2EE82E4031020060C7BB /* OnboardingFlowView.swift */,
				BCBC2EE92E4031020060C7BB /* RegisterView.swift */,
			);
			path = Views;
			sourceTree = "<group>";
		};
		BCBC2EEB2E4031020060C7BB /* Onboarding */ = {
			isa = PBXGroup;
			children = (
				BCBC2EDF2E4031020060C7BB /* Models */,
				BCBC2EE12E4031020060C7BB /* Services */,
				BCBC2EE52E4031020060C7BB /* ViewModels */,
				BCBC2EEA2E4031020060C7BB /* Views */,
			);
			path = Onboarding;
			sourceTree = "<group>";
		};
		BCBC2EF72E4043F80060C7BB /* Logging */ = {
			isa = PBXGroup;
			children = (
				BCBC2EF62E4043F80060C7BB /* LoggingService.swift */,
			);
			path = Logging;
			sourceTree = "<group>";
		};
		BCBC2EFB2E4044000060C7BB /* Configuration */ = {
			isa = PBXGroup;
			children = (
				BCBC2F142E406E580060C7BB /* AppConstants.swift */,
				BCBC2EFA2E4044000060C7BB /* FirebaseConfig.swift */,
			);
			path = Configuration;
			sourceTree = "<group>";
		};
		BCBC2F172E406FA50060C7BB /* Models */ = {
			isa = PBXGroup;
			children = (
				BC16C10F2E408CAE0033CD67 /* Generated */,
				BCBC2F162E406FA50060C7BB /* ModelIndex.swift */,
			);
			path = Models;
			sourceTree = "<group>";
		};
		BCBC2F1A2E406FAD0060C7BB /* Networking */ = {
			isa = PBXGroup;
			children = (
				BCBC2F1C2E4071530060C7BB /* APIEndpoints.swift */,
				BCBC2F192E406FAD0060C7BB /* APIClient.swift */,
			);
			path = Networking;
			sourceTree = "<group>";
		};
/* End PBXGroup section */

/* Begin PBXNativeTarget section */
		BC9A9CB92E3F2D3C00352F2B /* MoneyApp */ = {
			isa = PBXNativeTarget;
			buildConfigurationList = BC9A9CC82E3F2D3D00352F2B /* Build configuration list for PBXNativeTarget "MoneyApp" */;
			buildPhases = (
				BC9A9CB62E3F2D3C00352F2B /* Sources */,
				BC9A9CB72E3F2D3C00352F2B /* Frameworks */,
				BC9A9CB82E3F2D3C00352F2B /* Resources */,
			);
			buildRules = (
			);
			dependencies = (
			);
			name = MoneyApp;
			packageProductDependencies = (
				BCBC2F092E4049D20060C7BB /* FirebaseAnalytics */,
				BCBC2F0B2E4049D20060C7BB /* FirebaseCore */,
				BCBC2F0D2E4049D20060C7BB /* FirebaseCrashlytics */,
			);
			productName = MoneyApp;
			productReference = BC9A9CBA2E3F2D3C00352F2B /* MoneyApp.app */;
			productType = "com.apple.product-type.application";
		};
/* End PBXNativeTarget section */

/* Begin PBXProject section */
		BC9A9CB22E3F2D3C00352F2B /* Project object */ = {
			isa = PBXProject;
			attributes = {
				BuildIndependentTargetsInParallel = 1;
				LastSwiftUpdateCheck = 1620;
				LastUpgradeCheck = 1620;
				TargetAttributes = {
					BC9A9CB92E3F2D3C00352F2B = {
						CreatedOnToolsVersion = 16.2;
					};
				};
			};
			buildConfigurationList = BC9A9CB52E3F2D3C00352F2B /* Build configuration list for PBXProject "MoneyApp" */;
			developmentRegion = en;
			hasScannedForEncodings = 0;
			knownRegions = (
				en,
				Base,
			);
			mainGroup = BC9A9CB12E3F2D3C00352F2B;
			minimizedProjectReferenceProxies = 1;
			packageReferences = (
				BCBC2F082E4049D20060C7BB /* XCRemoteSwiftPackageReference "firebase-ios-sdk" */,
				BCE44CAD2E407CF000B86B58 /* XCLocalSwiftPackageReference "Generated" */,
			);
			preferredProjectObjectVersion = 77;
			productRefGroup = BC9A9CBB2E3F2D3C00352F2B /* Products */;
			projectDirPath = "";
			projectRoot = "";
			targets = (
				BC9A9CB92E3F2D3C00352F2B /* MoneyApp */,
			);
		};
/* End PBXProject section */

/* Begin PBXResourcesBuildPhase section */
		BC9A9CB82E3F2D3C00352F2B /* Resources */ = {
			isa = PBXResourcesBuildPhase;
			buildActionMask = 2147483647;
			files = (
				BCBC2EFF2E40442B0060C7BB /* README.md in Resources */,
				BC9A9CF12E40202400352F2B /* PreviewAssets.xcassets in Resources */,
				BC9A9CD22E3F2D6A00352F2B /* Assets.xcassets in Resources */,
			);
			runOnlyForDeploymentPostprocessing = 0;
		};
/* End PBXResourcesBuildPhase section */

/* Begin PBXSourcesBuildPhase section */
		BC9A9CB62E3F2D3C00352F2B /* Sources */ = {
			isa = PBXSourcesBuildPhase;
			buildActionMask = 2147483647;
			files = (
				BC9A9CEA2E40202400352F2B /* HomeView.swift in Sources */,
				BCBC2EF92E4043F80060C7BB /* LoggingService.swift in Sources */,
				BC9A9CEC2E40202400352F2B /* HomeViewModel.swift in Sources */,
				BCBC2F1D2E4071580060C7BB /* APIEndpoints.swift in Sources */,
				BCBC2F152E406E640060C7BB /* AppConstants.swift in Sources */,
				BC9A9CED2E40202400352F2B /* HomeService.swift in Sources */,
				BC9A9CEF2E40202400352F2B /* AppRouter.swift in Sources */,
				BC9A9CF02E40202400352F2B /* HomeModels.swift in Sources */,
				BC9A9CD32E3F2D6A00352F2B /* ContentView.swift in Sources */,
				BCBC2F1B2E406FAD0060C7BB /* APIClient.swift in Sources */,
				BC9A9CD42E3F2D6A00352F2B /* MoneyAppApp.swift in Sources */,
				BCBC2F182E406FA50060C7BB /* ModelIndex.swift in Sources */,
				BCBC2EEC2E4031020060C7BB /* OnboardingFlowView.swift in Sources */,
				BCBC2EED2E4031020060C7BB /* LoginViewModel.swift in Sources */,
				BCBC2EEE2E4031020060C7BB /* OnboardingModels.swift in Sources */,
				BCBC2EEF2E4031020060C7BB /* OnboardingContainerView.swift in Sources */,
				BC16C1102E408CAE0033CD67 /* CodableHelper.swift in Sources */,
				BC16C1112E408CAE0033CD67 /* JSONDataEncoding.swift in Sources */,
				BC16C1122E408CAE0033CD67 /* JSONEncodingHelper.swift in Sources */,
				BC16C1132E408CAE0033CD67 /* SynchronizedDictionary.swift in Sources */,
				BC16C1142E408CAE0033CD67 /* APIHelper.swift in Sources */,
				BC16C1152E408CAE0033CD67 /* AccountInfo.swift in Sources */,
				BC16C1162E408CAE0033CD67 /* AccountListResponse.swift in Sources */,
				BC16C1172E408CAE0033CD67 /* Models.swift in Sources */,
				BC16C1182E408CAE0033CD67 /* APIs.swift in Sources */,
				BC16C1192E408CAE0033CD67 /* RecentTransactionsResponse.swift in Sources */,
				BC16C11A2E408CAE0033CD67 /* DeviceTokenResponse.swift in Sources */,
				BC16C11B2E408CAE0033CD67 /* CategorySpending.swift in Sources */,
				BC16C11C2E408CAE0033CD67 /* Validation.swift in Sources */,
				BC16C11D2E408CAE0033CD67 /* URLSessionImplementations.swift in Sources */,
				BC16C11E2E408CAE0033CD67 /* SpendingSummaryResponse.swift in Sources */,
				BC16C11F2E408CAE0033CD67 /* NotificationPreferencesResponse.swift in Sources */,
				BC16C1202E408CAE0033CD67 /* SyncAccountsResponse.swift in Sources */,
				BC16C1212E408CAE0033CD67 /* DeviceTokenRequest.swift in Sources */,
				BC16C1222E408CAE0033CD67 /* TransactionResponse.swift in Sources */,
				BC16C1232E408CAE0033CD67 /* JSONValue.swift in Sources */,
				BC16C1242E408CAE0033CD67 /* SyncStatusResponse.swift in Sources */,
				BC16C1252E408CAE0033CD67 /* LinkTokenResponse.swift in Sources */,
				BC16C1262E408CAE0033CD67 /* OpenISO8601DateFormatter.swift in Sources */,
				BC16C1272E408CAE0033CD67 /* UserResponse.swift in Sources */,
				BC16C1282E408CAE0033CD67 /* LinkTokenRequest.swift in Sources */,
				BC16C1292E408CAE0033CD67 /* AccountResponse.swift in Sources */,
				BC16C12A2E408CAE0033CD67 /* AuthTokenResponse.swift in Sources */,
				BC16C12B2E408CAE0033CD67 /* UserRegistrationRequest.swift in Sources */,
				BC16C12C2E408CAE0033CD67 /* PublicTokenExchangeRequest.swift in Sources */,
				BC16C12D2E408CAE0033CD67 /* CategoriesResponse.swift in Sources */,
				BC16C12E2E408CAE0033CD67 /* UserLoginRequest.swift in Sources */,
				BC16C12F2E408CAE0033CD67 /* PublicTokenExchangeResponse.swift in Sources */,
				BC16C1302E408CAE0033CD67 /* Extensions.swift in Sources */,
				BC16C1312E408CAE0033CD67 /* TransactionListResponse.swift in Sources */,
				BC16C1322E408CAE0033CD67 /* AccountSyncInfo.swift in Sources */,
				BC16C1332E408CAE0033CD67 /* DailySpending.swift in Sources */,
				BCBC2EFC2E4044000060C7BB /* FirebaseConfig.swift in Sources */,
				BCBC2EF02E4031020060C7BB /* OnboardingFlowViewModel.swift in Sources */,
				BCBC2EF12E4031020060C7BB /* RegisterViewModel.swift in Sources */,
				BCBC2EF22E4031020060C7BB /* RegisterView.swift in Sources */,
				BCBC2EF32E4031020060C7BB /* LoginView.swift in Sources */,
				BCBC2EF42E4031020060C7BB /* OnboardingService.swift in Sources */,
			);
			runOnlyForDeploymentPostprocessing = 0;
		};
/* End PBXSourcesBuildPhase section */

/* Begin XCBuildConfiguration section */
		BC9A9CC62E3F2D3D00352F2B /* Debug */ = {
			isa = XCBuildConfiguration;
			buildSettings = {
				ALWAYS_SEARCH_USER_PATHS = NO;
				ASSETCATALOG_COMPILER_GENERATE_SWIFT_ASSET_SYMBOL_EXTENSIONS = YES;
				CLANG_ANALYZER_NONNULL = YES;
				CLANG_ANALYZER_NUMBER_OBJECT_CONVERSION = YES_AGGRESSIVE;
				CLANG_CXX_LANGUAGE_STANDARD = "gnu++20";
				CLANG_ENABLE_MODULES = YES;
				CLANG_ENABLE_OBJC_ARC = YES;
				CLANG_ENABLE_OBJC_WEAK = YES;
				CLANG_WARN_BLOCK_CAPTURE_AUTORELEASING = YES;
				CLANG_WARN_BOOL_CONVERSION = YES;
				CLANG_WARN_COMMA = YES;
				CLANG_WARN_CONSTANT_CONVERSION = YES;
				CLANG_WARN_DEPRECATED_OBJC_IMPLEMENTATIONS = YES;
				CLANG_WARN_DIRECT_OBJC_ISA_USAGE = YES_ERROR;
				CLANG_WARN_DOCUMENTATION_COMMENTS = YES;
				CLANG_WARN_EMPTY_BODY = YES;
				CLANG_WARN_ENUM_CONVERSION = YES;
				CLANG_WARN_INFINITE_RECURSION = YES;
				CLANG_WARN_INT_CONVERSION = YES;
				CLANG_WARN_NON_LITERAL_NULL_CONVERSION = YES;
				CLANG_WARN_OBJC_IMPLICIT_RETAIN_SELF = YES;
				CLANG_WARN_OBJC_LITERAL_CONVERSION = YES;
				CLANG_WARN_OBJC_ROOT_CLASS = YES_ERROR;
				CLANG_WARN_QUOTED_INCLUDE_IN_FRAMEWORK_HEADER = YES;
				CLANG_WARN_RANGE_LOOP_ANALYSIS = YES;
				CLANG_WARN_STRICT_PROTOTYPES = YES;
				CLANG_WARN_SUSPICIOUS_MOVE = YES;
				CLANG_WARN_UNGUARDED_AVAILABILITY = YES_AGGRESSIVE;
				CLANG_WARN_UNREACHABLE_CODE = YES;
				CLANG_WARN__DUPLICATE_METHOD_MATCH = YES;
				COPY_PHASE_STRIP = NO;
				DEBUG_INFORMATION_FORMAT = dwarf;
				ENABLE_STRICT_OBJC_MSGSEND = YES;
				ENABLE_TESTABILITY = YES;
				ENABLE_USER_SCRIPT_SANDBOXING = YES;
				GCC_C_LANGUAGE_STANDARD = gnu17;
				GCC_DYNAMIC_NO_PIC = NO;
				GCC_NO_COMMON_BLOCKS = YES;
				GCC_OPTIMIZATION_LEVEL = 0;
				GCC_PREPROCESSOR_DEFINITIONS = (
					"DEBUG=1",
					"$(inherited)",
				);
				GCC_WARN_64_TO_32_BIT_CONVERSION = YES;
				GCC_WARN_ABOUT_RETURN_TYPE = YES_ERROR;
				GCC_WARN_UNDECLARED_SELECTOR = YES;
				GCC_WARN_UNINITIALIZED_AUTOS = YES_AGGRESSIVE;
				GCC_WARN_UNUSED_FUNCTION = YES;
				GCC_WARN_UNUSED_VARIABLE = YES;
				IPHONEOS_DEPLOYMENT_TARGET = 18.2;
				LOCALIZATION_PREFERS_STRING_CATALOGS = YES;
				MTL_ENABLE_DEBUG_INFO = INCLUDE_SOURCE;
				MTL_FAST_MATH = YES;
				ONLY_ACTIVE_ARCH = YES;
				SDKROOT = iphoneos;
				SWIFT_ACTIVE_COMPILATION_CONDITIONS = "DEBUG $(inherited)";
				SWIFT_OPTIMIZATION_LEVEL = "-Onone";
			};
			name = Debug;
		};
		BC9A9CC72E3F2D3D00352F2B /* Release */ = {
			isa = XCBuildConfiguration;
			buildSettings = {
				ALWAYS_SEARCH_USER_PATHS = NO;
				ASSETCATALOG_COMPILER_GENERATE_SWIFT_ASSET_SYMBOL_EXTENSIONS = YES;
				CLANG_ANALYZER_NONNULL = YES;
				CLANG_ANALYZER_NUMBER_OBJECT_CONVERSION = YES_AGGRESSIVE;
				CLANG_CXX_LANGUAGE_STANDARD = "gnu++20";
				CLANG_ENABLE_MODULES = YES;
				CLANG_ENABLE_OBJC_ARC = YES;
				CLANG_ENABLE_OBJC_WEAK = YES;
				CLANG_WARN_BLOCK_CAPTURE_AUTORELEASING = YES;
				CLANG_WARN_BOOL_CONVERSION = YES;
				CLANG_WARN_COMMA = YES;
				CLANG_WARN_CONSTANT_CONVERSION = YES;
				CLANG_WARN_DEPRECATED_OBJC_IMPLEMENTATIONS = YES;
				CLANG_WARN_DIRECT_OBJC_ISA_USAGE = YES_ERROR;
				CLANG_WARN_DOCUMENTATION_COMMENTS = YES;
				CLANG_WARN_EMPTY_BODY = YES;
				CLANG_WARN_ENUM_CONVERSION = YES;
				CLANG_WARN_INFINITE_RECURSION = YES;
				CLANG_WARN_INT_CONVERSION = YES;
				CLANG_WARN_NON_LITERAL_NULL_CONVERSION = YES;
				CLANG_WARN_OBJC_IMPLICIT_RETAIN_SELF = YES;
				CLANG_WARN_OBJC_LITERAL_CONVERSION = YES;
				CLANG_WARN_OBJC_ROOT_CLASS = YES_ERROR;
				CLANG_WARN_QUOTED_INCLUDE_IN_FRAMEWORK_HEADER = YES;
				CLANG_WARN_RANGE_LOOP_ANALYSIS = YES;
				CLANG_WARN_STRICT_PROTOTYPES = YES;
				CLANG_WARN_SUSPICIOUS_MOVE = YES;
				CLANG_WARN_UNGUARDED_AVAILABILITY = YES_AGGRESSIVE;
				CLANG_WARN_UNREACHABLE_CODE = YES;
				CLANG_WARN__DUPLICATE_METHOD_MATCH = YES;
				COPY_PHASE_STRIP = NO;
				DEBUG_INFORMATION_FORMAT = "dwarf-with-dsym";
				ENABLE_NS_ASSERTIONS = NO;
				ENABLE_STRICT_OBJC_MSGSEND = YES;
				ENABLE_USER_SCRIPT_SANDBOXING = YES;
				GCC_C_LANGUAGE_STANDARD = gnu17;
				GCC_NO_COMMON_BLOCKS = YES;
				GCC_WARN_64_TO_32_BIT_CONVERSION = YES;
				GCC_WARN_ABOUT_RETURN_TYPE = YES_ERROR;
				GCC_WARN_UNDECLARED_SELECTOR = YES;
				GCC_WARN_UNINITIALIZED_AUTOS = YES_AGGRESSIVE;
				GCC_WARN_UNUSED_FUNCTION = YES;
				GCC_WARN_UNUSED_VARIABLE = YES;
				IPHONEOS_DEPLOYMENT_TARGET = 18.2;
				LOCALIZATION_PREFERS_STRING_CATALOGS = YES;
				MTL_ENABLE_DEBUG_INFO = NO;
				MTL_FAST_MATH = YES;
				SDKROOT = iphoneos;
				SWIFT_COMPILATION_MODE = wholemodule;
				VALIDATE_PRODUCT = YES;
			};
			name = Release;
		};
		BC9A9CC92E3F2D3D00352F2B /* Debug */ = {
			isa = XCBuildConfiguration;
			buildSettings = {
				ASSETCATALOG_COMPILER_APPICON_NAME = AppIcon;
				ASSETCATALOG_COMPILER_GLOBAL_ACCENT_COLOR_NAME = AccentColor;
				CODE_SIGN_STYLE = Automatic;
				CURRENT_PROJECT_VERSION = 1;
				DEVELOPMENT_ASSET_PATHS = "\"MoneyApp/Preview Content\"";
				DEVELOPMENT_TEAM = LM5XW92LHW;
				ENABLE_PREVIEWS = YES;
				GENERATE_INFOPLIST_FILE = YES;
				INFOPLIST_KEY_CFBundleDisplayName = "The Money App";
				INFOPLIST_KEY_UIApplicationSceneManifest_Generation = YES;
				INFOPLIST_KEY_UIApplicationSupportsIndirectInputEvents = YES;
				INFOPLIST_KEY_UILaunchScreen_Generation = YES;
				INFOPLIST_KEY_UISupportedInterfaceOrientations_iPad = "UIInterfaceOrientationPortrait UIInterfaceOrientationPortraitUpsideDown UIInterfaceOrientationLandscapeLeft UIInterfaceOrientationLandscapeRight";
				INFOPLIST_KEY_UISupportedInterfaceOrientations_iPhone = "UIInterfaceOrientationPortrait UIInterfaceOrientationLandscapeLeft UIInterfaceOrientationLandscapeRight";
				LD_RUNPATH_SEARCH_PATHS = (
					"$(inherited)",
					"@executable_path/Frameworks",
				);
				MARKETING_VERSION = 1.0;
				PRODUCT_BUNDLE_IDENTIFIER = com.juanfmuller.MoneyApp;
				PRODUCT_NAME = "$(TARGET_NAME)";
				SWIFT_EMIT_LOC_STRINGS = YES;
				SWIFT_VERSION = 6.0;
				TARGETED_DEVICE_FAMILY = "1,2";
			};
			name = Debug;
		};
		BC9A9CCA2E3F2D3D00352F2B /* Release */ = {
			isa = XCBuildConfiguration;
			buildSettings = {
				ASSETCATALOG_COMPILER_APPICON_NAME = AppIcon;
				ASSETCATALOG_COMPILER_GLOBAL_ACCENT_COLOR_NAME = AccentColor;
				CODE_SIGN_STYLE = Automatic;
				CURRENT_PROJECT_VERSION = 1;
				DEVELOPMENT_ASSET_PATHS = "\"MoneyApp/Preview Content\"";
				DEVELOPMENT_TEAM = LM5XW92LHW;
				ENABLE_PREVIEWS = YES;
				GENERATE_INFOPLIST_FILE = YES;
				INFOPLIST_KEY_CFBundleDisplayName = "The Money App";
				INFOPLIST_KEY_UIApplicationSceneManifest_Generation = YES;
				INFOPLIST_KEY_UIApplicationSupportsIndirectInputEvents = YES;
				INFOPLIST_KEY_UILaunchScreen_Generation = YES;
				INFOPLIST_KEY_UISupportedInterfaceOrientations_iPad = "UIInterfaceOrientationPortrait UIInterfaceOrientationPortraitUpsideDown UIInterfaceOrientationLandscapeLeft UIInterfaceOrientationLandscapeRight";
				INFOPLIST_KEY_UISupportedInterfaceOrientations_iPhone = "UIInterfaceOrientationPortrait UIInterfaceOrientationLandscapeLeft UIInterfaceOrientationLandscapeRight";
				LD_RUNPATH_SEARCH_PATHS = (
					"$(inherited)",
					"@executable_path/Frameworks",
				);
				MARKETING_VERSION = 1.0;
				PRODUCT_BUNDLE_IDENTIFIER = com.juanfmuller.MoneyApp;
				PRODUCT_NAME = "$(TARGET_NAME)";
				SWIFT_EMIT_LOC_STRINGS = YES;
				SWIFT_VERSION = 6.0;
				TARGETED_DEVICE_FAMILY = "1,2";
			};
			name = Release;
		};
/* End XCBuildConfiguration section */

/* Begin XCConfigurationList section */
		BC9A9CB52E3F2D3C00352F2B /* Build configuration list for PBXProject "MoneyApp" */ = {
			isa = XCConfigurationList;
			buildConfigurations = (
				BC9A9CC62E3F2D3D00352F2B /* Debug */,
				BC9A9CC72E3F2D3D00352F2B /* Release */,
			);
			defaultConfigurationIsVisible = 0;
			defaultConfigurationName = Release;
		};
		BC9A9CC82E3F2D3D00352F2B /* Build configuration list for PBXNativeTarget "MoneyApp" */ = {
			isa = XCConfigurationList;
			buildConfigurations = (
				BC9A9CC92E3F2D3D00352F2B /* Debug */,
				BC9A9CCA2E3F2D3D00352F2B /* Release */,
			);
			defaultConfigurationIsVisible = 0;
			defaultConfigurationName = Release;
		};
/* End XCConfigurationList section */

/* Begin XCLocalSwiftPackageReference section */
		BCE44CAD2E407CF000B86B58 /* XCLocalSwiftPackageReference "Generated" */ = {
			isa = XCLocalSwiftPackageReference;
			relativePath = Generated;
		};
/* End XCLocalSwiftPackageReference section */

/* Begin XCRemoteSwiftPackageReference section */
		BCBC2F082E4049D20060C7BB /* XCRemoteSwiftPackageReference "firebase-ios-sdk" */ = {
			isa = XCRemoteSwiftPackageReference;
			repositoryURL = "https://github.com/firebase/firebase-ios-sdk";
			requirement = {
				kind = upToNextMajorVersion;
				minimumVersion = 12.0.0;
			};
		};
/* End XCRemoteSwiftPackageReference section */

/* Begin XCSwiftPackageProductDependency section */
		BCBC2F092E4049D20060C7BB /* FirebaseAnalytics */ = {
			isa = XCSwiftPackageProductDependency;
			package = BCBC2F082E4049D20060C7BB /* XCRemoteSwiftPackageReference "firebase-ios-sdk" */;
			productName = FirebaseAnalytics;
		};
		BCBC2F0B2E4049D20060C7BB /* FirebaseCore */ = {
			isa = XCSwiftPackageProductDependency;
			package = BCBC2F082E4049D20060C7BB /* XCRemoteSwiftPackageReference "firebase-ios-sdk" */;
			productName = FirebaseCore;
		};
		BCBC2F0D2E4049D20060C7BB /* FirebaseCrashlytics */ = {
			isa = XCSwiftPackageProductDependency;
			package = BCBC2F082E4049D20060C7BB /* XCRemoteSwiftPackageReference "firebase-ios-sdk" */;
			productName = FirebaseCrashlytics;
		};
/* End XCSwiftPackageProductDependency section */
	};
	rootObject = BC9A9CB22E3F2D3C00352F2B /* Project object */;
}
